
Microsoft Visual Studio Solution File, Format Version 12.00
# Visual Studio Version 16
VisualStudioVersion = 16.0.29926.136
MinimumVisualStudioVersion = 10.0.40219.1
Project("{FAE04EC0-301F-11D3-BF4B-00C04F79EFBC}") = "ConsoleApp2", "ConsoleApp2\ConsoleApp2.csproj", "{F00CA8A7-F1F3-4BD8-BE62-980348B31C79}"
EndProject
Global
	GlobalSection(SolutionConfigurationPlatforms) = preSolution
		Debug|Any CPU = Debug|Any CPU
		Release|Any CPU = Release|Any CPU
	EndGlobalSection
	GlobalSection(ProjectConfigurationPlatforms) = postSolution
		{F00CA8A7-F1F3-4BD8-BE62-980348B31C79}.Debug|Any CPU.ActiveCfg = Debug|Any CPU
		{F00CA8A7-F1F3-4BD8-BE62-980348B31C79}.Debug|Any CPU.Build.0 = Debug|Any CPU
		{F00CA8A7-F1F3-4BD8-BE62-980348B31C79}.Release|Any CPU.ActiveCfg = Release|Any CPU
		{F00CA8A7-F1F3-4BD8-BE62-980348B31C79}.Release|Any CPU.Build.0 = Release|Any CPU
	EndGlobalSection
	GlobalSection(SolutionProperties) = preSolution
		HideSolutionNode = FALSE
	EndGlobalSection
	GlobalSection(ExtensibilityGlobals) = postSolution
		SolutionGuid = {C9A1AC08-CEFA-489B-AC6E-A7855E8E75EF}
	EndGlobalSection
EndGlobal
